
Microsoft Visual Studio Solution File, Format Version 12.00
# Visual Studio Version 16
VisualStudioVersion = 16.0.29609.76
MinimumVisualStudioVersion = 10.0.40219.1
Project("{9A19103F-16F7-4668-BE54-9A1E7A4F7556}") = "TDSClient", "TDSClient\TDSClient.csproj", "{EC19F04A-D87D-46C7-9A84-9358D0858D13}"
EndProject
Global
	GlobalSection(SolutionConfigurationPlatforms) = preSolution
		Debug|Any CPU = Debug|Any CPU
		Release|Any CPU = Release|Any CPU
	EndGlobalSection
	GlobalSection(ProjectConfigurationPlatforms) = postSolution
		{EC19F04A-D87D-46C7-9A84-9358D0858D13}.Debug|Any CPU.ActiveCfg = Debug|Any CPU
		{EC19F04A-D87D-46C7-9A84-9358D0858D13}.Debug|Any CPU.Build.0 = Debug|Any CPU
		{EC19F04A-D87D-46C7-9A84-9358D0858D13}.Release|Any CPU.ActiveCfg = Release|Any CPU
		{EC19F04A-D87D-46C7-9A84-9358D0858D13}.Release|Any CPU.Build.0 = Release|Any CPU
	EndGlobalSection
	GlobalSection(SolutionProperties) = preSolution
		HideSolutionNode = FALSE
	EndGlobalSection
	GlobalSection(ExtensibilityGlobals) = postSolution
		SolutionGuid = {7774FE75-8B35-4EE6-92D3-D4636F4713B4}
	EndGlobalSection
EndGlobal
